
Microsoft Visual Studio Solution File, Format Version 12.00
# Visual Studio 15
VisualStudioVersion = 15.0.28307.271
MinimumVisualStudioVersion = 10.0.40219.1
Project("{FAE04EC0-301F-11D3-BF4B-00C04F79EFBC}") = "LayoutsLab", "LayoutsLab\LayoutsLab.csproj", "{35E9E134-5650-4E79-BBB3-7D273AA204D0}"
EndProject
Global
	GlobalSection(SolutionConfigurationPlatforms) = preSolution
		Debug|Any CPU = Debug|Any CPU
		Release|Any CPU = Release|Any CPU
	EndGlobalSection
	GlobalSection(ProjectConfigurationPlatforms) = postSolution
		{35E9E134-5650-4E79-BBB3-7D273AA204D0}.Debug|Any CPU.ActiveCfg = Debug|Any CPU
		{35E9E134-5650-4E79-BBB3-7D273AA204D0}.Debug|Any CPU.Build.0 = Debug|Any CPU
		{35E9E134-5650-4E79-BBB3-7D273AA204D0}.Release|Any CPU.ActiveCfg = Release|Any CPU
		{35E9E134-5650-4E79-BBB3-7D273AA204D0}.Release|Any CPU.Build.0 = Release|Any CPU
	EndGlobalSection
	GlobalSection(SolutionProperties) = preSolution
		HideSolutionNode = FALSE
	EndGlobalSection
	GlobalSection(ExtensibilityGlobals) = postSolution
		SolutionGuid = {2C248D07-BD32-449F-8BDD-1540847CEC12}
	EndGlobalSection
EndGlobal
